PODS:
  - AFNetworking (3.2.1):
    - AFNetworking/NSURLSession (= 3.2.1)
    - AFNetworking/Reachability (= 3.2.1)
    - AFNetworking/Security (= 3.2.1)
    - AFNetworking/Serialization (= 3.2.1)
    - AFNetworking/UIKit (= 3.2.1)
  - AFNetworking/NSURLSession (3.2.1):
    - AFNetworking/Reachability
    - AFNetworking/Security
    - AFNetworking/Serialization
  - AFNetworking/Reachability (3.2.1)
  - AFNetworking/Security (3.2.1)
  - AFNetworking/Serialization (3.2.1)
  - AFNetworking/UIKit (3.2.1):
    - AFNetworking/NSURLSession
  - BoringSSL (10.0.6):
    - BoringSSL/Implementation (= 10.0.6)
    - BoringSSL/Interface (= 10.0.6)
  - BoringSSL/Implementation (10.0.6):
    - BoringSSL/Interface (= 10.0.6)
  - BoringSSL/Interface (10.0.6)
  - Firebase/Auth (5.3.0):
    - Firebase/CoreOnly
    - FirebaseAuth (= 5.0.1)
  - Firebase/Core (5.3.0):
    - Firebase/CoreOnly
    - FirebaseAnalytics (= 5.0.1)
  - Firebase/CoreOnly (5.3.0):
    - FirebaseCore (= 5.0.4)
  - Firebase/Firestore (5.3.0):
    - Firebase/CoreOnly
    - FirebaseFirestore (= 0.12.4)
  - Firebase/Storage (5.3.0):
    - Firebase/CoreOnly
    - FirebaseStorage (= 3.0.0)
  - FirebaseAnalytics (5.0.1):
    - FirebaseCore (~> 5.0)
    - FirebaseInstanceID (~> 3.0)
    - "GoogleToolboxForMac/NSData+zlib (~> 2.1)"
    - nanopb (~> 0.3)
  - FirebaseAuth (5.0.1):
    - FirebaseCore (~> 5.0)
    - GTMSessionFetcher/Core (~> 1.1)
  - FirebaseCore (5.0.4):
    - "GoogleToolboxForMac/NSData+zlib (~> 2.1)"
  - FirebaseFirestore (0.12.4):
    - FirebaseCore (~> 5.0)
    - FirebaseFirestore/abseil-cpp (= 0.12.4)
    - gRPC-ProtoRPC (~> 1.0)
    - leveldb-library (~> 1.18)
    - Protobuf (~> 3.1)
  - FirebaseFirestore/abseil-cpp (0.12.4):
    - FirebaseCore (~> 5.0)
    - gRPC-ProtoRPC (~> 1.0)
    - leveldb-library (~> 1.18)
    - Protobuf (~> 3.1)
  - FirebaseInstanceID (3.1.1):
    - FirebaseCore (~> 5.0)
  - FirebaseStorage (3.0.0):
    - FirebaseCore (~> 5.0)
    - GTMSessionFetcher/Core (~> 1.1)
  - GoogleToolboxForMac/Defines (2.1.4)
  - "GoogleToolboxForMac/NSData+zlib (2.1.4)":
    - GoogleToolboxForMac/Defines (= 2.1.4)
  - gRPC (1.14.0):
    - gRPC-RxLibrary (= 1.14.0)
    - gRPC/Main (= 1.14.0)
  - gRPC-Core (1.14.0):
    - gRPC-Core/Implementation (= 1.14.0)
    - gRPC-Core/Interface (= 1.14.0)
  - gRPC-Core/Implementation (1.14.0):
    - BoringSSL (~> 10.0)
    - gRPC-Core/Interface (= 1.14.0)
    - nanopb (~> 0.3)
  - gRPC-Core/Interface (1.14.0)
  - gRPC-ProtoRPC (1.14.0):
    - gRPC-ProtoRPC/Main (= 1.14.0)
  - gRPC-ProtoRPC/Main (1.14.0):
    - gRPC (= 1.14.0)
    - gRPC-RxLibrary (= 1.14.0)
    - Protobuf (~> 3.0)
  - gRPC-RxLibrary (1.14.0)
  - gRPC/Main (1.14.0):
    - gRPC-Core (= 1.14.0)
    - gRPC-RxLibrary (= 1.14.0)
  - GTMSessionFetcher/Core (1.2.0)
  - leveldb-library (1.20)
  - Lock (1.29.2):
    - Lock/Core (= 1.29.2)
    - Lock/UI (= 1.29.2)
    - Lock/WebView (= 1.29.2)
  - Lock/Core (1.29.2):
    - AFNetworking (~> 3.0)
  - Lock/CoreUI (1.29.2):
    - Lock/Core
    - Masonry (~> 0.6)
  - Lock/Email (1.29.2):
    - Lock/UI
  - Lock/SMS (1.29.2):
    - Lock/UI
  - Lock/TouchID (1.29.2):
    - Lock/UI
    - SimpleKeychain (~> 0.2)
    - TouchIDAuth (~> 0.1)
  - Lock/UI (1.29.2):
    - Lock/CoreUI
  - Lock/WebView (1.29.2):
    - Lock/CoreUI
  - Masonry (0.6.4)
  - nanopb (0.3.8):
    - nanopb/decode (= 0.3.8)
    - nanopb/encode (= 0.3.8)
  - nanopb/decode (0.3.8)
  - nanopb/encode (0.3.8)
  - Protobuf (3.6.1)
  - SimpleKeychain (0.8.1)
  - TouchIDAuth (0.2.0):
    - SimpleKeychain (~> 0.3)

DEPENDENCIES:
  - Firebase/Auth
  - Firebase/Core
  - Firebase/Firestore
  - Firebase/Storage (~> 5.3.0)
  - Lock (~> 1.26)
  - Lock/Email
  - Lock/SMS
  - Lock/TouchID

SPEC REPOS:
  https://github.com/cocoapods/specs.git:
    - AFNetworking
    - BoringSSL
    - Firebase
    - FirebaseAnalytics
    - FirebaseAuth
    - FirebaseCore
    - FirebaseFirestore
    - FirebaseInstanceID
    - FirebaseStorage
    - GoogleToolboxForMac
    - gRPC
    - gRPC-Core
    - gRPC-ProtoRPC
    - gRPC-RxLibrary
    - GTMSessionFetcher
    - leveldb-library
    - Lock
    - Masonry
    - nanopb
    - Protobuf
    - SimpleKeychain
    - TouchIDAuth

SPEC CHECKSUMS:
  AFNetworking: b6f891fdfaed196b46c7a83cf209e09697b94057
  BoringSSL: e10f92a27043805c01071fe815a5cd98ae8212e7
  Firebase: 68afeeb05461db02d7c9e3215cda28068670f4aa
  FirebaseAnalytics: b3628aea54c50464c32c393fb2ea032566e7ecc2
  FirebaseAuth: 463b8ce33bd5d05f706dcd4615499e3212b4132b
  FirebaseCore: 62f1b792a49bb9e8b4073f24606d2c93ffc352f0
  FirebaseFirestore: 53f6fe858494c39dbfd5237655e0641152a88c89
  FirebaseInstanceID: f3f0657372592ecdfdfe2cac604a5a75758376a6
  FirebaseStorage: 7ca4bb7b58a25fa647b04f524033fc7cb7eb272b
  GoogleToolboxForMac: 91c824d21e85b31c2aae9bb011c5027c9b4e738f
  gRPC: 9d4c549f37c7cef22478634bac7a0405b6e3dbfb
  gRPC-Core: f4836515817c0eb479aeeb9cc27c91c4ba62a9f6
  gRPC-ProtoRPC: 76f6053639a842e1fb45fa82aa598bf3f4d9f66f
  gRPC-RxLibrary: 3c305f32155024b116b780f389323c73a28197e6
  GTMSessionFetcher: 0c4baf0a73acd0041bf9f71ea018deedab5ea84e
  leveldb-library: 08cba283675b7ed2d99629a4bc5fd052cd2bb6a5
  Lock: 3414fed031b4044509697dd9b9da9208bc68ad26
  Masonry: 281802d04d787ea2973179ee8bcb50500579ede2
  nanopb: 5601e6bca2dbf1ed831b519092ec110f66982ca3
  Protobuf: 1eb9700044745f00181c136ef21b8ff3ad5a0fd5
  SimpleKeychain: e2485c28d82fcece35e9e41faeac42ebfe614815
  TouchIDAuth: 0cf861f58a2cacfc1c12cb02de4850729d943c81

PODFILE CHECKSUM: 0f1e4ed3d9347a8d107567d82927a895eb0dc39c

COCOAPODS: 1.5.3
